{
  "version": 4,
  "terraform_version": "1.9.8",
  "serial": 3,
  "lineage": "9f5db2ab-c2cd-bdf7-e395-a188aee217ed",
  "outputs": {},
  "resources": [
    {
      "mode": "managed",
      "type": "local_file",
      "name": "myfile",
      "provider": "provider[\"registry.terraform.io/hashicorp/local\"]",
      "instances": [
        {
          "schema_version": 0,
          "attributes": {
            "content": "This is a sample text file",
            "content_base64": null,
            "content_base64sha256": "lYv4KTKbhLrvUTbZkVb2cD0Nlc/6n8bOxkA87XVz7/M=",
            "content_base64sha512": "HhQNYXG/Y3enSddXkDTPSHlUjZbp1SmfAqUmXglBaP2YEv2pT6X6n/RayEVPGdGPYSyzIErVUeKbrdv6F2NrWQ==",
            "content_md5": "6ccb8fac358fea58732ed8ffec85b9f5",
            "content_sha1": "3f4b24f2a4da21774622417444436b193fe34764",
            "content_sha256": "958bf829329b84baef5136d99156f6703d0d95cffa9fc6cec6403ced7573eff3",
            "content_sha512": "1e140d6171bf6377a749d7579034cf4879548d96e9d5299f02a5265e094168fd9812fda94fa5fa9ff45ac8454f19d18f612cb3204ad551e29baddbfa17636b59",
            "directory_permission": "0777",
            "file_permission": "0777",
            "filename": "/home/ubuntu/terraform_local/firstfile.txt",
            "id": "3f4b24f2a4da21774622417444436b193fe34764",
            "sensitive_content": null,
            "source": null
          },
          "sensitive_attributes": [
            [
              {
                "type": "get_attr",
                "value": "sensitive_content"
              }
            ]
          ]
        }
      ]
    },
    {
      "mode": "managed",
      "type": "local_file",
      "name": "myfile1",
      "provider": "provider[\"registry.terraform.io/hashicorp/local\"]",
      "instances": [
        {
          "schema_version": 0,
          "attributes": {
            "content": "This is another sample text file",
            "content_base64": null,
            "content_base64sha256": "mFxCVyuCnYYrm6FQC0UKjIO6HLzC8g4gW3M48n4vb2Y=",
            "content_base64sha512": "1i/xGKw7mfhPIWqZIpu9FblxIgPk39L9hDo/ors3IpTSpM09tbdO1aF2DgOMg4HQmROq9zNnqNLA1KrtArNaEw==",
            "content_md5": "d7587bbec10b06eaab9db89be29c086f",
            "content_sha1": "4ed1ae61b5f13d71ead7b8ae0356c613bde790a5",
            "content_sha256": "985c42572b829d862b9ba1500b450a8c83ba1cbcc2f20e205b7338f27e2f6f66",
            "content_sha512": "d62ff118ac3b99f84f216a99229bbd15b9712203e4dfd2fd843a3fa2bb372294d2a4cd3db5b74ed5a1760e038c8381d09913aaf73367a8d2c0d4aaed02b35a13",
            "directory_permission": "0777",
            "file_permission": "0777",
            "filename": "/home/ubuntu/terraform_local/secondfile.txt",
            "id": "4ed1ae61b5f13d71ead7b8ae0356c613bde790a5",
            "sensitive_content": null,
            "source": null
          },
          "sensitive_attributes": [
            [
              {
                "type": "get_attr",
                "value": "sensitive_content"
              }
            ]
          ]
        }
      ]
    }
  ],
  "check_results": null
}
