{
  "version": 4,
  "terraform_version": "1.9.8",
  "serial": 6,
  "lineage": "9f5db2ab-c2cd-bdf7-e395-a188aee217ed",
  "outputs": {},
  "resources": [
    {
      "mode": "managed",
      "type": "local_file",
      "name": "myfile",
      "provider": "provider[\"registry.terraform.io/hashicorp/local\"]",
      "instances": [
        {
          "schema_version": 0,
          "attributes": {
            "content": "This is a sample text file",
            "content_base64": null,
            "content_base64sha256": "lYv4KTKbhLrvUTbZkVb2cD0Nlc/6n8bOxkA87XVz7/M=",
            "content_base64sha512": "HhQNYXG/Y3enSddXkDTPSHlUjZbp1SmfAqUmXglBaP2YEv2pT6X6n/RayEVPGdGPYSyzIErVUeKbrdv6F2NrWQ==",
            "content_md5": "6ccb8fac358fea58732ed8ffec85b9f5",
            "content_sha1": "3f4b24f2a4da21774622417444436b193fe34764",
            "content_sha256": "958bf829329b84baef5136d99156f6703d0d95cffa9fc6cec6403ced7573eff3",
            "content_sha512": "1e140d6171bf6377a749d7579034cf4879548d96e9d5299f02a5265e094168fd9812fda94fa5fa9ff45ac8454f19d18f612cb3204ad551e29baddbfa17636b59",
            "directory_permission": "0777",
            "file_permission": "0777",
            "filename": "/home/ubuntu/terraform_local/firstfile.txt",
            "id": "3f4b24f2a4da21774622417444436b193fe34764",
            "sensitive_content": null,
            "source": null
          },
          "sensitive_attributes": [
            [
              {
                "type": "get_attr",
                "value": "sensitive_content"
              }
            ]
          ]
        }
      ]
    },
    {
      "mode": "managed",
      "type": "local_file",
      "name": "myfile1",
      "provider": "provider[\"registry.terraform.io/hashicorp/local\"]",
      "instances": [
        {
          "schema_version": 0,
          "attributes": {
            "content": "This is another sample text file",
            "content_base64": null,
            "content_base64sha256": "mFxCVyuCnYYrm6FQC0UKjIO6HLzC8g4gW3M48n4vb2Y=",
            "content_base64sha512": "1i/xGKw7mfhPIWqZIpu9FblxIgPk39L9hDo/ors3IpTSpM09tbdO1aF2DgOMg4HQmROq9zNnqNLA1KrtArNaEw==",
            "content_md5": "d7587bbec10b06eaab9db89be29c086f",
            "content_sha1": "4ed1ae61b5f13d71ead7b8ae0356c613bde790a5",
            "content_sha256": "985c42572b829d862b9ba1500b450a8c83ba1cbcc2f20e205b7338f27e2f6f66",
            "content_sha512": "d62ff118ac3b99f84f216a99229bbd15b9712203e4dfd2fd843a3fa2bb372294d2a4cd3db5b74ed5a1760e038c8381d09913aaf73367a8d2c0d4aaed02b35a13",
            "directory_permission": "0777",
            "file_permission": "0777",
            "filename": "/home/ubuntu/terraform_local/secondfile.txt",
            "id": "4ed1ae61b5f13d71ead7b8ae0356c613bde790a5",
            "sensitive_content": null,
            "source": null
          },
          "sensitive_attributes": [
            [
              {
                "type": "get_attr",
                "value": "sensitive_content"
              }
            ]
          ]
        }
      ]
    },
    {
      "mode": "managed",
      "type": "local_file",
      "name": "myfile2",
      "provider": "provider[\"registry.terraform.io/hashicorp/local\"]",
      "instances": [
        {
          "schema_version": 0,
          "attributes": {
            "content": "This is Aman Kumar Choudhary",
            "content_base64": null,
            "content_base64sha256": "7FjQN4AWrpdLcOKe3FNN6a5e3hHGqC+Q77qG7uU+dL4=",
            "content_base64sha512": "QfrDelSWmQuktXzvVA3If89qMJaMJf//qYPWuQwrgTLbChaAVcR9hvuz0XKkPUMNg8B8jhURVGty62I6dntO0A==",
            "content_md5": "69fe1eaac29858b564ac538a1b4f488e",
            "content_sha1": "6b5293f953548732f1d573a4ba67930e274bdb26",
            "content_sha256": "ec58d0378016ae974b70e29edc534de9ae5ede11c6a82f90efba86eee53e74be",
            "content_sha512": "41fac37a5496990ba4b57cef540dc87fcf6a30968c25ffffa983d6b90c2b8132db0a168055c47d86fbb3d172a43d430d83c07c8e1511546b72eb623a767b4ed0",
            "directory_permission": "0777",
            "file_permission": "0777",
            "filename": "/home/ubuntu/terraform_local/thirdfile.txt",
            "id": "6b5293f953548732f1d573a4ba67930e274bdb26",
            "sensitive_content": null,
            "source": null
          },
          "sensitive_attributes": [
            [
              {
                "type": "get_attr",
                "value": "sensitive_content"
              }
            ]
          ]
        }
      ]
    },
    {
      "mode": "managed",
      "type": "local_file",
      "name": "myfile3",
      "provider": "provider[\"registry.terraform.io/hashicorp/local\"]",
      "instances": [
        {
          "schema_version": 0,
          "attributes": {
            "content": "This is Neo",
            "content_base64": null,
            "content_base64sha256": "LrnzzzJgy/Gn7j6iyarG4npdwI6Ep/7Xh5uSZl0s3NI=",
            "content_base64sha512": "w91Pja/LHZV6l8J5VK7YW+NoloHQcXMGpBI3oHe+RXA7zlEZ/fkutgtpG75pi9AXWepaa4G9s6LTOiItzdSodw==",
            "content_md5": "b80054061c6e549b7c88646dd54ba0cb",
            "content_sha1": "a80f1947b5e2e4d7012182ce1f6f619a453f696f",
            "content_sha256": "2eb9f3cf3260cbf1a7ee3ea2c9aac6e27a5dc08e84a7fed7879b92665d2cdcd2",
            "content_sha512": "c3dd4f8dafcb1d957a97c27954aed85be3689681d0717306a41237a077be45703bce5119fdf92eb60b691bbe698bd01759ea5a6b81bdb3a2d33a222dcdd4a877",
            "directory_permission": "0777",
            "file_permission": "0777",
            "filename": "/home/ubuntu/terraform_local/fourthfile.txt",
            "id": "a80f1947b5e2e4d7012182ce1f6f619a453f696f",
            "sensitive_content": null,
            "source": null
          },
          "sensitive_attributes": [
            [
              {
                "type": "get_attr",
                "value": "sensitive_content"
              }
            ]
          ]
        }
      ]
    }
  ],
  "check_results": null
}
